
Microsoft Visual Studio Solution File, Format Version 12.00
# Visual Studio 2013
VisualStudioVersion = 12.0.21005.1
MinimumVisualStudioVersion = 10.0.40219.1
Project("{FAE04EC0-301F-11D3-BF4B-00C04F79EFBC}") = "Bai1-Server", "Bai1-Server\Bai1-Server.csproj", "{D4049B4B-E2D5-489C-AE2F-522CD0BFDDBC}"
EndProject
Project("{FAE04EC0-301F-11D3-BF4B-00C04F79EFBC}") = "Bai1-Client", "Bai1-Client\Bai1-Client.csproj", "{4E71B0FD-A88B-4BBA-98E4-5ED1198A2A88}"
EndProject
Project("{2150E333-8FDC-42A3-9474-1A3956D46DE8}") = ".nuget", ".nuget", "{50B28C30-3FBC-4315-A171-1125ED0D8B7B}"
	ProjectSection(SolutionItems) = preProject
		.nuget\NuGet.Config = .nuget\NuGet.Config
		.nuget\NuGet.exe = .nuget\NuGet.exe
		.nuget\NuGet.targets = .nuget\NuGet.targets
	EndProjectSection
EndProject
Global
	GlobalSection(SolutionConfigurationPlatforms) = preSolution
		Debug|Any CPU = Debug|Any CPU
		Release|Any CPU = Release|Any CPU
	EndGlobalSection
	GlobalSection(ProjectConfigurationPlatforms) = postSolution
		{D4049B4B-E2D5-489C-AE2F-522CD0BFDDBC}.Debug|Any CPU.ActiveCfg = Debug|Any CPU
		{D4049B4B-E2D5-489C-AE2F-522CD0BFDDBC}.Debug|Any CPU.Build.0 = Debug|Any CPU
		{D4049B4B-E2D5-489C-AE2F-522CD0BFDDBC}.Release|Any CPU.ActiveCfg = Release|Any CPU
		{D4049B4B-E2D5-489C-AE2F-522CD0BFDDBC}.Release|Any CPU.Build.0 = Release|Any CPU
		{4E71B0FD-A88B-4BBA-98E4-5ED1198A2A88}.Debug|Any CPU.ActiveCfg = Debug|Any CPU
		{4E71B0FD-A88B-4BBA-98E4-5ED1198A2A88}.Debug|Any CPU.Build.0 = Debug|Any CPU
		{4E71B0FD-A88B-4BBA-98E4-5ED1198A2A88}.Release|Any CPU.ActiveCfg = Release|Any CPU
		{4E71B0FD-A88B-4BBA-98E4-5ED1198A2A88}.Release|Any CPU.Build.0 = Release|Any CPU
	EndGlobalSection
	GlobalSection(SolutionProperties) = preSolution
		HideSolutionNode = FALSE
	EndGlobalSection
EndGlobal
